
Microsoft Visual Studio Solution File, Format Version 12.00
# Visual Studio 15
VisualStudioVersion = 15.0.28010.2041
MinimumVisualStudioVersion = 10.0.40219.1
Project("{2150E333-8FDC-42A3-9474-1A3956D46DE8}") = "Code", "Code", "{E04508D7-B71B-4DE1-A4FE-72968EF6670F}"
	ProjectSection(SolutionItems) = preProject
		studentapp-cdfbd-firebase-adminsdk-98ocr-454df5a19f.json = studentapp-cdfbd-firebase-adminsdk-98ocr-454df5a19f.json
	EndProjectSection
EndProject
Project("{9A19103F-16F7-4668-BE54-9A1E7A4F7556}") = "Student.Entity", "Student.Entity\Student.Entity.csproj", "{D1E2F462-5756-46C0-AAB0-260158A2C854}"
EndProject
Project("{9A19103F-16F7-4668-BE54-9A1E7A4F7556}") = "Student.API", "Student.API\Student.API.csproj", "{3518773E-F113-4C55-A3F7-03BFF8D03186}"
EndProject
Global
	GlobalSection(SolutionConfigurationPlatforms) = preSolution
		Debug|Any CPU = Debug|Any CPU
		Release|Any CPU = Release|Any CPU
	EndGlobalSection
	GlobalSection(ProjectConfigurationPlatforms) = postSolution
		{D1E2F462-5756-46C0-AAB0-260158A2C854}.Debug|Any CPU.ActiveCfg = Debug|Any CPU
		{D1E2F462-5756-46C0-AAB0-260158A2C854}.Debug|Any CPU.Build.0 = Debug|Any CPU
		{D1E2F462-5756-46C0-AAB0-260158A2C854}.Release|Any CPU.ActiveCfg = Release|Any CPU
		{D1E2F462-5756-46C0-AAB0-260158A2C854}.Release|Any CPU.Build.0 = Release|Any CPU
		{3518773E-F113-4C55-A3F7-03BFF8D03186}.Debug|Any CPU.ActiveCfg = Debug|Any CPU
		{3518773E-F113-4C55-A3F7-03BFF8D03186}.Debug|Any CPU.Build.0 = Debug|Any CPU
		{3518773E-F113-4C55-A3F7-03BFF8D03186}.Release|Any CPU.ActiveCfg = Release|Any CPU
		{3518773E-F113-4C55-A3F7-03BFF8D03186}.Release|Any CPU.Build.0 = Release|Any CPU
	EndGlobalSection
	GlobalSection(SolutionProperties) = preSolution
		HideSolutionNode = FALSE
	EndGlobalSection
	GlobalSection(NestedProjects) = preSolution
		{D1E2F462-5756-46C0-AAB0-260158A2C854} = {E04508D7-B71B-4DE1-A4FE-72968EF6670F}
		{3518773E-F113-4C55-A3F7-03BFF8D03186} = {E04508D7-B71B-4DE1-A4FE-72968EF6670F}
	EndGlobalSection
	GlobalSection(ExtensibilityGlobals) = postSolution
		SolutionGuid = {C330A865-CA7E-4ED4-BF47-E4FFFAFD7174}
	EndGlobalSection
EndGlobal
